// !$*UTF8*$!
{
	archiveVersion = 1;
	classes = {
	};
	objectVersion = 56;
	objects = {

/* Begin PBXBuildFile section */
		A4787B792B27AE56002CF00F /* HikeApp.swift in Sources */ = {isa = PBXBuildFile; fileRef = A4787B782B27AE56002CF00F /* HikeApp.swift */; };
		A4787B7B2B27AE56002CF00F /* ContentView.swift in Sources */ = {isa = PBXBuildFile; fileRef = A4787B7A2B27AE56002CF00F /* ContentView.swift */; };
		A4787B7D2B27AE57002CF00F /* Assets.xcassets in Resources */ = {isa = PBXBuildFile; fileRef = A4787B7C2B27AE57002CF00F /* Assets.xcassets */; };
		A4787B802B27AE57002CF00F /* Preview Assets.xcassets in Resources */ = {isa = PBXBuildFile; fileRef = A4787B7F2B27AE57002CF00F /* Preview Assets.xcassets */; };
		A4787B8B2B27B105002CF00F /* CardView.swift in Sources */ = {isa = PBXBuildFile; fileRef = A4787B8A2B27B105002CF00F /* CardView.swift */; };
		A4787B8E2B27B509002CF00F /* CustomBackgroundView.swift in Sources */ = {isa = PBXBuildFile; fileRef = A4787B8D2B27B509002CF00F /* CustomBackgroundView.swift */; };
		A4787B912B27B6DD002CF00F /* ColorExtension.swift in Sources */ = {isa = PBXBuildFile; fileRef = A4787B902B27B6DD002CF00F /* ColorExtension.swift */; };
		A4787B932B27BDAF002CF00F /* CustomButtonView.swift in Sources */ = {isa = PBXBuildFile; fileRef = A4787B922B27BDAF002CF00F /* CustomButtonView.swift */; };
		A4787B952B27C2B9002CF00F /* GradientButtonStyle.swift in Sources */ = {isa = PBXBuildFile; fileRef = A4787B942B27C2B9002CF00F /* GradientButtonStyle.swift */; };
		A4787B972B27CA10002CF00F /* CustomCircleView.swift in Sources */ = {isa = PBXBuildFile; fileRef = A4787B962B27CA10002CF00F /* CustomCircleView.swift */; };
		A4787B992B27CBF9002CF00F /* MotionAnimationView.swift in Sources */ = {isa = PBXBuildFile; fileRef = A4787B982B27CBF9002CF00F /* MotionAnimationView.swift */; };
		A4787B9C2B27D436002CF00F /* SettingsView.swift in Sources */ = {isa = PBXBuildFile; fileRef = A4787B9B2B27D436002CF00F /* SettingsView.swift */; };
		A4787B9E2B27E3F7002CF00F /* CustomListRowView.swift in Sources */ = {isa = PBXBuildFile; fileRef = A4787B9D2B27E3F7002CF00F /* CustomListRowView.swift */; };
/* End PBXBuildFile section */

/* Begin PBXFileReference section */
		A4787B752B27AE56002CF00F /* Hike.app */ = {isa = PBXFileReference; explicitFileType = wrapper.application; includeInIndex = 0; path = Hike.app; sourceTree = BUILT_PRODUCTS_DIR; };
		A4787B782B27AE56002CF00F /* HikeApp.swift */ = {isa = PBXFileReference; lastKnownFileType = sourcecode.swift; path = HikeApp.swift; sourceTree = "<group>"; };
		A4787B7A2B27AE56002CF00F /* ContentView.swift */ = {isa = PBXFileReference; lastKnownFileType = sourcecode.swift; path = ContentView.swift; sourceTree = "<group>"; };
		A4787B7C2B27AE57002CF00F /* Assets.xcassets */ = {isa = PBXFileReference; lastKnownFileType = folder.assetcatalog; path = Assets.xcassets; sourceTree = "<group>"; };
		A4787B7F2B27AE57002CF00F /* Preview Assets.xcassets */ = {isa = PBXFileReference; lastKnownFileType = folder.assetcatalog; path = "Preview Assets.xcassets"; sourceTree = "<group>"; };
		A4787B8A2B27B105002CF00F /* CardView.swift */ = {isa = PBXFileReference; lastKnownFileType = sourcecode.swift; path = CardView.swift; sourceTree = "<group>"; };
		A4787B8D2B27B509002CF00F /* CustomBackgroundView.swift */ = {isa = PBXFileReference; lastKnownFileType = sourcecode.swift; path = CustomBackgroundView.swift; sourceTree = "<group>"; };
		A4787B902B27B6DD002CF00F /* ColorExtension.swift */ = {isa = PBXFileReference; lastKnownFileType = sourcecode.swift; path = ColorExtension.swift; sourceTree = "<group>"; };
		A4787B922B27BDAF002CF00F /* CustomButtonView.swift */ = {isa = PBXFileReference; lastKnownFileType = sourcecode.swift; path = CustomButtonView.swift; sourceTree = "<group>"; };
		A4787B942B27C2B9002CF00F /* GradientButtonStyle.swift */ = {isa = PBXFileReference; lastKnownFileType = sourcecode.swift; path = GradientButtonStyle.swift; sourceTree = "<group>"; };
		A4787B962B27CA10002CF00F /* CustomCircleView.swift */ = {isa = PBXFileReference; lastKnownFileType = sourcecode.swift; path = CustomCircleView.swift; sourceTree = "<group>"; };
		A4787B982B27CBF9002CF00F /* MotionAnimationView.swift */ = {isa = PBXFileReference; lastKnownFileType = sourcecode.swift; path = MotionAnimationView.swift; sourceTree = "<group>"; };
		A4787B9B2B27D436002CF00F /* SettingsView.swift */ = {isa = PBXFileReference; lastKnownFileType = sourcecode.swift; path = SettingsView.swift; sourceTree = "<group>"; };
		A4787B9D2B27E3F7002CF00F /* CustomListRowView.swift */ = {isa = PBXFileReference; lastKnownFileType = sourcecode.swift; path = CustomListRowView.swift; sourceTree = "<group>"; };
/* End PBXFileReference section */

/* Begin PBXFrameworksBuildPhase section */
		A4787B722B27AE56002CF00F /* Frameworks */ = {
			isa = PBXFrameworksBuildPhase;
			buildActionMask = 2147483647;
			files = (
			);
			runOnlyForDeploymentPostprocessing = 0;
		};
/* End PBXFrameworksBuildPhase section */

/* Begin PBXGroup section */
		A4787B6C2B27AE56002CF00F = {
			isa = PBXGroup;
			children = (
				A4787B772B27AE56002CF00F /* Hike */,
				A4787B762B27AE56002CF00F /* Products */,
			);
			sourceTree = "<group>";
		};
		A4787B762B27AE56002CF00F /* Products */ = {
			isa = PBXGroup;
			children = (
				A4787B752B27AE56002CF00F /* Hike.app */,
			);
			name = Products;
			sourceTree = "<group>";
		};
		A4787B772B27AE56002CF00F /* Hike */ = {
			isa = PBXGroup;
			children = (
				A4787B782B27AE56002CF00F /* HikeApp.swift */,
				A4787B9A2B27D3FE002CF00F /* Screen */,
				A4787B8C2B27B4EB002CF00F /* Component */,
				A4787B8F2B27B6C6002CF00F /* Utility */,
				A4787B7C2B27AE57002CF00F /* Assets.xcassets */,
				A4787B7E2B27AE57002CF00F /* Preview Content */,
			);
			path = Hike;
			sourceTree = "<group>";
		};
		A4787B7E2B27AE57002CF00F /* Preview Content */ = {
			isa = PBXGroup;
			children = (
				A4787B7F2B27AE57002CF00F /* Preview Assets.xcassets */,
			);
			path = "Preview Content";
			sourceTree = "<group>";
		};
		A4787B8C2B27B4EB002CF00F /* Component */ = {
			isa = PBXGroup;
			children = (
				A4787B8A2B27B105002CF00F /* CardView.swift */,
				A4787B982B27CBF9002CF00F /* MotionAnimationView.swift */,
				A4787B962B27CA10002CF00F /* CustomCircleView.swift */,
				A4787B8D2B27B509002CF00F /* CustomBackgroundView.swift */,
				A4787B922B27BDAF002CF00F /* CustomButtonView.swift */,
				A4787B9D2B27E3F7002CF00F /* CustomListRowView.swift */,
			);
			path = Component;
			sourceTree = "<group>";
		};
		A4787B8F2B27B6C6002CF00F /* Utility */ = {
			isa = PBXGroup;
			children = (
				A4787B902B27B6DD002CF00F /* ColorExtension.swift */,
				A4787B942B27C2B9002CF00F /* GradientButtonStyle.swift */,
			);
			path = Utility;
			sourceTree = "<group>";
		};
		A4787B9A2B27D3FE002CF00F /* Screen */ = {
			isa = PBXGroup;
			children = (
				A4787B7A2B27AE56002CF00F /* ContentView.swift */,
				A4787B9B2B27D436002CF00F /* SettingsView.swift */,
			);
			path = Screen;
			sourceTree = "<group>";
		};
/* End PBXGroup section */

/* Begin PBXNativeTarget section */
		A4787B742B27AE56002CF00F /* Hike */ = {
			isa = PBXNativeTarget;
			buildConfigurationList = A4787B832B27AE57002CF00F /* Build configuration list for PBXNativeTarget "Hike" */;
			buildPhases = (
				A4787B712B27AE56002CF00F /* Sources */,
				A4787B722B27AE56002CF00F /* Frameworks */,
				A4787B732B27AE56002CF00F /* Resources */,
			);
			buildRules = (
			);
			dependencies = (
			);
			name = Hike;
			productName = Hike;
			productReference = A4787B752B27AE56002CF00F /* Hike.app */;
			productType = "com.apple.product-type.application";
		};
/* End PBXNativeTarget section */

/* Begin PBXProject section */
		A4787B6D2B27AE56002CF00F /* Project object */ = {
			isa = PBXProject;
			attributes = {
				BuildIndependentTargetsInParallel = 1;
				LastSwiftUpdateCheck = 1430;
				LastUpgradeCheck = 1430;
				TargetAttributes = {
					A4787B742B27AE56002CF00F = {
						CreatedOnToolsVersion = 14.3;
					};
				};
			};
			buildConfigurationList = A4787B702B27AE56002CF00F /* Build configuration list for PBXProject "Hike" */;
			compatibilityVersion = "Xcode 14.0";
			developmentRegion = en;
			hasScannedForEncodings = 0;
			knownRegions = (
				en,
				Base,
			);
			mainGroup = A4787B6C2B27AE56002CF00F;
			productRefGroup = A4787B762B27AE56002CF00F /* Products */;
			projectDirPath = "";
			projectRoot = "";
			targets = (
				A4787B742B27AE56002CF00F /* Hike */,
			);
		};
/* End PBXProject section */

/* Begin PBXResourcesBuildPhase section */
		A4787B732B27AE56002CF00F /* Resources */ = {
			isa = PBXResourcesBuildPhase;
			buildActionMask = 2147483647;
			files = (
				A4787B802B27AE57002CF00F /* Preview Assets.xcassets in Resources */,
				A4787B7D2B27AE57002CF00F /* Assets.xcassets in Resources */,
			);
			runOnlyForDeploymentPostprocessing = 0;
		};
/* End PBXResourcesBuildPhase section */

/* Begin PBXSourcesBuildPhase section */
		A4787B712B27AE56002CF00F /* Sources */ = {
			isa = PBXSourcesBuildPhase;
			buildActionMask = 2147483647;
			files = (
				A4787B7B2B27AE56002CF00F /* ContentView.swift in Sources */,
				A4787B972B27CA10002CF00F /* CustomCircleView.swift in Sources */,
				A4787B9E2B27E3F7002CF00F /* CustomListRowView.swift in Sources */,
				A4787B8B2B27B105002CF00F /* CardView.swift in Sources */,
				A4787B792B27AE56002CF00F /* HikeApp.swift in Sources */,
				A4787B932B27BDAF002CF00F /* CustomButtonView.swift in Sources */,
				A4787B9C2B27D436002CF00F /* SettingsView.swift in Sources */,
				A4787B952B27C2B9002CF00F /* GradientButtonStyle.swift in Sources */,
				A4787B992B27CBF9002CF00F /* MotionAnimationView.swift in Sources */,
				A4787B8E2B27B509002CF00F /* CustomBackgroundView.swift in Sources */,
				A4787B912B27B6DD002CF00F /* ColorExtension.swift in Sources */,
			);
			runOnlyForDeploymentPostprocessing = 0;
		};
/* End PBXSourcesBuildPhase section */

/* Begin XCBuildConfiguration section */
		A4787B812B27AE57002CF00F /* Debug */ = {
			isa = XCBuildConfiguration;
			buildSettings = {
				ALWAYS_SEARCH_USER_PATHS = NO;
				CLANG_ANALYZER_NONNULL = YES;
				CLANG_ANALYZER_NUMBER_OBJECT_CONVERSION = YES_AGGRESSIVE;
				CLANG_CXX_LANGUAGE_STANDARD = "gnu++20";
				CLANG_ENABLE_MODULES = YES;
				CLANG_ENABLE_OBJC_ARC = YES;
				CLANG_ENABLE_OBJC_WEAK = YES;
				CLANG_WARN_BLOCK_CAPTURE_AUTORELEASING = YES;
				CLANG_WARN_BOOL_CONVERSION = YES;
				CLANG_WARN_COMMA = YES;
				CLANG_WARN_CONSTANT_CONVERSION = YES;
				CLANG_WARN_DEPRECATED_OBJC_IMPLEMENTATIONS = YES;
				CLANG_WARN_DIRECT_OBJC_ISA_USAGE = YES_ERROR;
				CLANG_WARN_DOCUMENTATION_COMMENTS = YES;
				CLANG_WARN_EMPTY_BODY = YES;
				CLANG_WARN_ENUM_CONVERSION = YES;
				CLANG_WARN_INFINITE_RECURSION = YES;
				CLANG_WARN_INT_CONVERSION = YES;
				CLANG_WARN_NON_LITERAL_NULL_CONVERSION = YES;
				CLANG_WARN_OBJC_IMPLICIT_RETAIN_SELF = YES;
				CLANG_WARN_OBJC_LITERAL_CONVERSION = YES;
				CLANG_WARN_OBJC_ROOT_CLASS = YES_ERROR;
				CLANG_WARN_QUOTED_INCLUDE_IN_FRAMEWORK_HEADER = YES;
				CLANG_WARN_RANGE_LOOP_ANALYSIS = YES;
				CLANG_WARN_STRICT_PROTOTYPES = YES;
				CLANG_WARN_SUSPICIOUS_MOVE = YES;
				CLANG_WARN_UNGUARDED_AVAILABILITY = YES_AGGRESSIVE;
				CLANG_WARN_UNREACHABLE_CODE = YES;
				CLANG_WARN__DUPLICATE_METHOD_MATCH = YES;
				COPY_PHASE_STRIP = NO;
				DEBUG_INFORMATION_FORMAT = dwarf;
				ENABLE_STRICT_OBJC_MSGSEND = YES;
				ENABLE_TESTABILITY = YES;
				GCC_C_LANGUAGE_STANDARD = gnu11;
				GCC_DYNAMIC_NO_PIC = NO;
				GCC_NO_COMMON_BLOCKS = YES;
				GCC_OPTIMIZATION_LEVEL = 0;
				GCC_PREPROCESSOR_DEFINITIONS = (
					"DEBUG=1",
					"$(inherited)",
				);
				GCC_WARN_64_TO_32_BIT_CONVERSION = YES;
				GCC_WARN_ABOUT_RETURN_TYPE = YES_ERROR;
				GCC_WARN_UNDECLARED_SELECTOR = YES;
				GCC_WARN_UNINITIALIZED_AUTOS = YES_AGGRESSIVE;
				GCC_WARN_UNUSED_FUNCTION = YES;
				GCC_WARN_UNUSED_VARIABLE = YES;
				IPHONEOS_DEPLOYMENT_TARGET = 16.4;
				MTL_ENABLE_DEBUG_INFO = INCLUDE_SOURCE;
				MTL_FAST_MATH = YES;
				ONLY_ACTIVE_ARCH = YES;
				SDKROOT = iphoneos;
				SWIFT_ACTIVE_COMPILATION_CONDITIONS = DEBUG;
				SWIFT_OPTIMIZATION_LEVEL = "-Onone";
			};
			name = Debug;
		};
		A4787B822B27AE57002CF00F /* Release */ = {
			isa = XCBuildConfiguration;
			buildSettings = {
				ALWAYS_SEARCH_USER_PATHS = NO;
				CLANG_ANALYZER_NONNULL = YES;
				CLANG_ANALYZER_NUMBER_OBJECT_CONVERSION = YES_AGGRESSIVE;
				CLANG_CXX_LANGUAGE_STANDARD = "gnu++20";
				CLANG_ENABLE_MODULES = YES;
				CLANG_ENABLE_OBJC_ARC = YES;
				CLANG_ENABLE_OBJC_WEAK = YES;
				CLANG_WARN_BLOCK_CAPTURE_AUTORELEASING = YES;
				CLANG_WARN_BOOL_CONVERSION = YES;
				CLANG_WARN_COMMA = YES;
				CLANG_WARN_CONSTANT_CONVERSION = YES;
				CLANG_WARN_DEPRECATED_OBJC_IMPLEMENTATIONS = YES;
				CLANG_WARN_DIRECT_OBJC_ISA_USAGE = YES_ERROR;
				CLANG_WARN_DOCUMENTATION_COMMENTS = YES;
				CLANG_WARN_EMPTY_BODY = YES;
				CLANG_WARN_ENUM_CONVERSION = YES;
				CLANG_WARN_INFINITE_RECURSION = YES;
				CLANG_WARN_INT_CONVERSION = YES;
				CLANG_WARN_NON_LITERAL_NULL_CONVERSION = YES;
				CLANG_WARN_OBJC_IMPLICIT_RETAIN_SELF = YES;
				CLANG_WARN_OBJC_LITERAL_CONVERSION = YES;
				CLANG_WARN_OBJC_ROOT_CLASS = YES_ERROR;
				CLANG_WARN_QUOTED_INCLUDE_IN_FRAMEWORK_HEADER = YES;
				CLANG_WARN_RANGE_LOOP_ANALYSIS = YES;
				CLANG_WARN_STRICT_PROTOTYPES = YES;
				CLANG_WARN_SUSPICIOUS_MOVE = YES;
				CLANG_WARN_UNGUARDED_AVAILABILITY = YES_AGGRESSIVE;
				CLANG_WARN_UNREACHABLE_CODE = YES;
				CLANG_WARN__DUPLICATE_METHOD_MATCH = YES;
				COPY_PHASE_STRIP = NO;
				DEBUG_INFORMATION_FORMAT = "dwarf-with-dsym";
				ENABLE_NS_ASSERTIONS = NO;
				ENABLE_STRICT_OBJC_MSGSEND = YES;
				GCC_C_LANGUAGE_STANDARD = gnu11;
				GCC_NO_COMMON_BLOCKS = YES;
				GCC_WARN_64_TO_32_BIT_CONVERSION = YES;
				GCC_WARN_ABOUT_RETURN_TYPE = YES_ERROR;
				GCC_WARN_UNDECLARED_SELECTOR = YES;
				GCC_WARN_UNINITIALIZED_AUTOS = YES_AGGRESSIVE;
				GCC_WARN_UNUSED_FUNCTION = YES;
				GCC_WARN_UNUSED_VARIABLE = YES;
				IPHONEOS_DEPLOYMENT_TARGET = 16.4;
				MTL_ENABLE_DEBUG_INFO = NO;
				MTL_FAST_MATH = YES;
				SDKROOT = iphoneos;
				SWIFT_COMPILATION_MODE = wholemodule;
				SWIFT_OPTIMIZATION_LEVEL = "-O";
				VALIDATE_PRODUCT = YES;
			};
			name = Release;
		};
		A4787B842B27AE57002CF00F /* Debug */ = {
			isa = XCBuildConfiguration;
			buildSettings = {
				ASSETCATALOG_COMPILER_ALTERNATE_APPICON_NAMES = "AppIcon-Campfire AppIcon-Backpack AppIcon-Camera AppIcon-Mushroom AppIcon-Map AppIcon-MagnifyingGlass";
				ASSETCATALOG_COMPILER_APPICON_NAME = AppIcon;
				ASSETCATALOG_COMPILER_GLOBAL_ACCENT_COLOR_NAME = AccentColor;
				ASSETCATALOG_COMPILER_INCLUDE_ALL_APPICON_ASSETS = YES;
				CODE_SIGN_STYLE = Automatic;
				CURRENT_PROJECT_VERSION = 1;
				DEVELOPMENT_ASSET_PATHS = "\"Hike/Preview Content\"";
				DEVELOPMENT_TEAM = 9U9G99R68J;
				ENABLE_PREVIEWS = YES;
				GENERATE_INFOPLIST_FILE = YES;
				INFOPLIST_KEY_UIApplicationSceneManifest_Generation = YES;
				INFOPLIST_KEY_UIApplicationSupportsIndirectInputEvents = YES;
				INFOPLIST_KEY_UILaunchScreen_Generation = YES;
				INFOPLIST_KEY_UISupportedInterfaceOrientations_iPad = "UIInterfaceOrientationPortrait UIInterfaceOrientationPortraitUpsideDown UIInterfaceOrientationLandscapeLeft UIInterfaceOrientationLandscapeRight";
				INFOPLIST_KEY_UISupportedInterfaceOrientations_iPhone = "UIInterfaceOrientationPortrait UIInterfaceOrientationLandscapeLeft UIInterfaceOrientationLandscapeRight";
				LD_RUNPATH_SEARCH_PATHS = (
					"$(inherited)",
					"@executable_path/Frameworks",
				);
				MARKETING_VERSION = 1.0;
				PRODUCT_BUNDLE_IDENTIFIER = Portfolio.Hike;
				PRODUCT_NAME = "$(TARGET_NAME)";
				SWIFT_EMIT_LOC_STRINGS = YES;
				SWIFT_VERSION = 5.0;
				TARGETED_DEVICE_FAMILY = "1,2";
			};
			name = Debug;
		};
		A4787B852B27AE57002CF00F /* Release */ = {
			isa = XCBuildConfiguration;
			buildSettings = {
				ASSETCATALOG_COMPILER_ALTERNATE_APPICON_NAMES = "AppIcon-Campfire AppIcon-Backpack AppIcon-Camera AppIcon-Mushroom AppIcon-Map AppIcon-MagnifyingGlass";
				ASSETCATALOG_COMPILER_APPICON_NAME = AppIcon;
				ASSETCATALOG_COMPILER_GLOBAL_ACCENT_COLOR_NAME = AccentColor;
				ASSETCATALOG_COMPILER_INCLUDE_ALL_APPICON_ASSETS = YES;
				CODE_SIGN_STYLE = Automatic;
				CURRENT_PROJECT_VERSION = 1;
				DEVELOPMENT_ASSET_PATHS = "\"Hike/Preview Content\"";
				DEVELOPMENT_TEAM = 9U9G99R68J;
				ENABLE_PREVIEWS = YES;
				GENERATE_INFOPLIST_FILE = YES;
				INFOPLIST_KEY_UIApplicationSceneManifest_Generation = YES;
				INFOPLIST_KEY_UIApplicationSupportsIndirectInputEvents = YES;
				INFOPLIST_KEY_UILaunchScreen_Generation = YES;
				INFOPLIST_KEY_UISupportedInterfaceOrientations_iPad = "UIInterfaceOrientationPortrait UIInterfaceOrientationPortraitUpsideDown UIInterfaceOrientationLandscapeLeft UIInterfaceOrientationLandscapeRight";
				INFOPLIST_KEY_UISupportedInterfaceOrientations_iPhone = "UIInterfaceOrientationPortrait UIInterfaceOrientationLandscapeLeft UIInterfaceOrientationLandscapeRight";
				LD_RUNPATH_SEARCH_PATHS = (
					"$(inherited)",
					"@executable_path/Frameworks",
				);
				MARKETING_VERSION = 1.0;
				PRODUCT_BUNDLE_IDENTIFIER = Portfolio.Hike;
				PRODUCT_NAME = "$(TARGET_NAME)";
				SWIFT_EMIT_LOC_STRINGS = YES;
				SWIFT_VERSION = 5.0;
				TARGETED_DEVICE_FAMILY = "1,2";
			};
			name = Release;
		};
/* End XCBuildConfiguration section */

/* Begin XCConfigurationList section */
		A4787B702B27AE56002CF00F /* Build configuration list for PBXProject "Hike" */ = {
			isa = XCConfigurationList;
			buildConfigurations = (
				A4787B812B27AE57002CF00F /* Debug */,
				A4787B822B27AE57002CF00F /* Release */,
			);
			defaultConfigurationIsVisible = 0;
			defaultConfigurationName = Release;
		};
		A4787B832B27AE57002CF00F /* Build configuration list for PBXNativeTarget "Hike" */ = {
			isa = XCConfigurationList;
			buildConfigurations = (
				A4787B842B27AE57002CF00F /* Debug */,
				A4787B852B27AE57002CF00F /* Release */,
			);
			defaultConfigurationIsVisible = 0;
			defaultConfigurationName = Release;
		};
/* End XCConfigurationList section */
	};
	rootObject = A4787B6D2B27AE56002CF00F /* Project object */;
}
